<?xml version="1.0" encoding="utf-8"?>
<Project ToolsVersion="4.0" xmlns="http://schemas.microsoft.com/developer/msbuild/2003">
  <ItemGroup>
    <Filter Include="Source Files">
      <UniqueIdentifier>{4FC737F1-C7A5-4376-A066-2A32D752A2FF}</UniqueIdentifier>
      <Extensions>cpp;c;cc;cxx;def;odl;idl;hpj;bat;asm;asmx</Extensions>
    </Filter>
    <Filter Include="Header Files">
      <UniqueIdentifier>{93995380-89BD-4b04-88EB-625FBE52EBFB}</UniqueIdentifier>
      <Extensions>h;hh;hpp;hxx;hm;inl;inc;xsd</Extensions>
    </Filter>
    <Filter Include="Resource Files">
      <UniqueIdentifier>{67DA6AB6-F800-4c08-8B7A-83BB121AAD01}</UniqueIdentifier>
      <Extensions>rc;ico;cur;bmp;dlg;rc2;rct;bin;rgs;gif;jpg;jpeg;jpe;resx;tiff;tif;png;wav;mfcribbon-ms</Extensions>
    </Filter>
  </ItemGroup>
  <ItemGroup>
    <Text Include="ReadMe.txt" />
  </ItemGroup>
  <ItemGroup>
    <ClInclude Include="stdafx.h">
      <Filter>Header Files</Filter>
    </ClInclude>
    <ClInclude Include="targetver.h">
      <Filter>Header Files</Filter>
    </ClInclude>
    <ClInclude Include="DrivewayHeader.h">
      <Filter>Header Files</Filter>
    </ClInclude>
    <ClInclude Include="FoyerHeader.h">
      <Filter>Header Files</Filter>
    </ClInclude>
    <ClInclude Include="KitchenHeader.h">
      <Filter>Header Files</Filter>
    </ClInclude>
    <ClInclude Include="CellarHeader.h">
      <Filter>Header Files</Filter>
    </ClInclude>
    <ClInclude Include="GardenHeader.h">
      <Filter>Header Files</Filter>
    </ClInclude>
    <ClInclude Include="DeckHeader.h">
      <Filter>Header Files</Filter>
    </ClInclude>
    <ClInclude Include="BilliardsHeader.h">
      <Filter>Header Files</Filter>
    </ClInclude>
    <ClInclude Include="HallwayHeader.h">
      <Filter>Header Files</Filter>
    </ClInclude>
    <ClInclude Include="SmokingHeader.h">
      <Filter>Header Files</Filter>
    </ClInclude>
    <ClInclude Include="SittingHeader.h">
      <Filter>Header Files</Filter>
    </ClInclude>
    <ClInclude Include="BallroomHeader.h">
      <Filter>Header Files</Filter>
    </ClInclude>
    <ClInclude Include="StudyHeader.h">
      <Filter>Header Files</Filter>
    </ClInclude>
    <ClInclude Include="LibraryHeader.h">
      <Filter>Header Files</Filter>
    </ClInclude>
    <ClInclude Include="SecretHeader.h">
      <Filter>Header Files</Filter>
    </ClInclude>
    <ClInclude Include="DiningHeader.h">
      <Filter>Header Files</Filter>
    </ClInclude>
  </ItemGroup>
  <ItemGroup>
    <ClCompile Include="stdafx.cpp">
      <Filter>Source Files</Filter>
    </ClCompile>
    <ClCompile Include="Mystery_Mansion_Game.cpp">
      <Filter>Source Files</Filter>
    </ClCompile>
    <ClCompile Include="DrivewaySource.cpp">
      <Filter>Source Files</Filter>
    </ClCompile>
    <ClCompile Include="FoyerSource.cpp">
      <Filter>Source Files</Filter>
    </ClCompile>
    <ClCompile Include="KitchenSource.cpp">
      <Filter>Source Files</Filter>
    </ClCompile>
    <ClCompile Include="CellarSource.cpp">
      <Filter>Source Files</Filter>
    </ClCompile>
    <ClCompile Include="GardenSource.cpp">
      <Filter>Source Files</Filter>
    </ClCompile>
    <ClCompile Include="DeckSource.cpp">
      <Filter>Source Files</Filter>
    </ClCompile>
    <ClCompile Include="BilliardsSource.cpp">
      <Filter>Source Files</Filter>
    </ClCompile>
    <ClCompile Include="HallwaySource.cpp">
      <Filter>Source Files</Filter>
    </ClCompile>
    <ClCompile Include="SmokingSource.cpp">
      <Filter>Source Files</Filter>
    </ClCompile>
    <ClCompile Include="SittingSource.cpp">
      <Filter>Source Files</Filter>
    </ClCompile>
    <ClCompile Include="BallroomSource.cpp">
      <Filter>Source Files</Filter>
    </ClCompile>
    <ClCompile Include="StudySource.cpp">
      <Filter>Source Files</Filter>
    </ClCompile>
    <ClCompile Include="LibrarySource.cpp">
      <Filter>Source Files</Filter>
    </ClCompile>
    <ClCompile Include="SecretSource.cpp">
      <Filter>Source Files</Filter>
    </ClCompile>
    <ClCompile Include="DiningSource.cpp">
      <Filter>Source Files</Filter>
    </ClCompile>
  </ItemGroup>
</Project>